
Microsoft Visual Studio Solution File, Format Version 12.00
# Visual Studio Version 17
VisualStudioVersion = 17.3.32819.101
MinimumVisualStudioVersion = 10.0.40219.1
Project("{9A19103F-16F7-4668-BE54-9A1E7A4F7556}") = "TaskManager", "ConsoleApp1\TaskManager.csproj", "{D7A1553F-8D5C-4DD9-927F-1ABB78E40DB2}"
EndProject
Global
	GlobalSection(SolutionConfigurationPlatforms) = preSolution
		Debug|Any CPU = Debug|Any CPU
		Release|Any CPU = Release|Any CPU
	EndGlobalSection
	GlobalSection(ProjectConfigurationPlatforms) = postSolution
		{D7A1553F-8D5C-4DD9-927F-1ABB78E40DB2}.Debug|Any CPU.ActiveCfg = Debug|Any CPU
		{D7A1553F-8D5C-4DD9-927F-1ABB78E40DB2}.Debug|Any CPU.Build.0 = Debug|Any CPU
		{D7A1553F-8D5C-4DD9-927F-1ABB78E40DB2}.Release|Any CPU.ActiveCfg = Release|Any CPU
		{D7A1553F-8D5C-4DD9-927F-1ABB78E40DB2}.Release|Any CPU.Build.0 = Release|Any CPU
	EndGlobalSection
	GlobalSection(SolutionProperties) = preSolution
		HideSolutionNode = FALSE
	EndGlobalSection
	GlobalSection(ExtensibilityGlobals) = postSolution
		SolutionGuid = {3997F387-8B2A-444D-A9BA-7B1989B0097B}
	EndGlobalSection
EndGlobal
